// !$*UTF8*$!
{
	archiveVersion = 1;
	classes = {
	};
	objectVersion = 56;
	objects = {

/* Begin PBXBuildFile section */
		6EB6E0C82A52A92C00BA82B8 /* CoreEnterprise.docc in Sources */ = {isa = PBXBuildFile; fileRef = 6EB6E0C72A52A92C00BA82B8 /* CoreEnterprise.docc */; };
		6EB6E0CE2A52A92D00BA82B8 /* CoreEnterprise.framework in Frameworks */ = {isa = PBXBuildFile; fileRef = 6EB6E0C32A52A92C00BA82B8 /* CoreEnterprise.framework */; };
		6EB6E0D32A52A92D00BA82B8 /* CoreEnterpriseTests.swift in Sources */ = {isa = PBXBuildFile; fileRef = 6EB6E0D22A52A92D00BA82B8 /* CoreEnterpriseTests.swift */; };
		6EB6E0D42A52A92D00BA82B8 /* CoreEnterprise.h in Headers */ = {isa = PBXBuildFile; fileRef = 6EB6E0C62A52A92C00BA82B8 /* CoreEnterprise.h */; settings = {ATTRIBUTES = (Public, ); }; };
		6EB6E0DE2A52AA3B00BA82B8 /* CoreEnterprise.swift in Sources */ = {isa = PBXBuildFile; fileRef = 6EB6E0DD2A52AA3B00BA82B8 /* CoreEnterprise.swift */; };
/* End PBXBuildFile section */

/* Begin PBXContainerItemProxy section */
		6EB6E0CF2A52A92D00BA82B8 /* PBXContainerItemProxy */ = {
			isa = PBXContainerItemProxy;
			containerPortal = 6EB6E0BA2A52A92C00BA82B8 /* Project object */;
			proxyType = 1;
			remoteGlobalIDString = 6EB6E0C22A52A92C00BA82B8;
			remoteInfo = CoreEnterprise;
		};
/* End PBXContainerItemProxy section */

/* Begin PBXFileReference section */
		6EB6E0C32A52A92C00BA82B8 /* CoreEnterprise.framework */ = {isa = PBXFileReference; explicitFileType = wrapper.framework; includeInIndex = 0; path = CoreEnterprise.framework; sourceTree = BUILT_PRODUCTS_DIR; };
		6EB6E0C62A52A92C00BA82B8 /* CoreEnterprise.h */ = {isa = PBXFileReference; lastKnownFileType = sourcecode.c.h; path = CoreEnterprise.h; sourceTree = "<group>"; };
		6EB6E0C72A52A92C00BA82B8 /* CoreEnterprise.docc */ = {isa = PBXFileReference; lastKnownFileType = folder.documentationcatalog; path = CoreEnterprise.docc; sourceTree = "<group>"; };
		6EB6E0CD2A52A92D00BA82B8 /* CoreEnterpriseTests.xctest */ = {isa = PBXFileReference; explicitFileType = wrapper.cfbundle; includeInIndex = 0; path = CoreEnterpriseTests.xctest; sourceTree = BUILT_PRODUCTS_DIR; };
		6EB6E0D22A52A92D00BA82B8 /* CoreEnterpriseTests.swift */ = {isa = PBXFileReference; lastKnownFileType = sourcecode.swift; path = CoreEnterpriseTests.swift; sourceTree = "<group>"; };
		6EB6E0DD2A52AA3B00BA82B8 /* CoreEnterprise.swift */ = {isa = PBXFileReference; lastKnownFileType = sourcecode.swift; path = CoreEnterprise.swift; sourceTree = "<group>"; };
/* End PBXFileReference section */

/* Begin PBXFrameworksBuildPhase section */
		6EB6E0C02A52A92C00BA82B8 /* Frameworks */ = {
			isa = PBXFrameworksBuildPhase;
			buildActionMask = 2147483647;
			files = (
			);
			runOnlyForDeploymentPostprocessing = 0;
		};
		6EB6E0CA2A52A92D00BA82B8 /* Frameworks */ = {
			isa = PBXFrameworksBuildPhase;
			buildActionMask = 2147483647;
			files = (
				6EB6E0CE2A52A92D00BA82B8 /* CoreEnterprise.framework in Frameworks */,
			);
			runOnlyForDeploymentPostprocessing = 0;
		};
/* End PBXFrameworksBuildPhase section */

/* Begin PBXGroup section */
		6EB6E0B92A52A92C00BA82B8 = {
			isa = PBXGroup;
			children = (
				6EB6E0C52A52A92C00BA82B8 /* CoreEnterprise */,
				6EB6E0D12A52A92D00BA82B8 /* CoreEnterpriseTests */,
				6EB6E0C42A52A92C00BA82B8 /* Products */,
			);
			sourceTree = "<group>";
		};
		6EB6E0C42A52A92C00BA82B8 /* Products */ = {
			isa = PBXGroup;
			children = (
				6EB6E0C32A52A92C00BA82B8 /* CoreEnterprise.framework */,
				6EB6E0CD2A52A92D00BA82B8 /* CoreEnterpriseTests.xctest */,
			);
			name = Products;
			sourceTree = "<group>";
		};
		6EB6E0C52A52A92C00BA82B8 /* CoreEnterprise */ = {
			isa = PBXGroup;
			children = (
				6EB6E0C62A52A92C00BA82B8 /* CoreEnterprise.h */,
				6EB6E0C72A52A92C00BA82B8 /* CoreEnterprise.docc */,
				6EB6E0DD2A52AA3B00BA82B8 /* CoreEnterprise.swift */,
			);
			path = CoreEnterprise;
			sourceTree = "<group>";
		};
		6EB6E0D12A52A92D00BA82B8 /* CoreEnterpriseTests */ = {
			isa = PBXGroup;
			children = (
				6EB6E0D22A52A92D00BA82B8 /* CoreEnterpriseTests.swift */,
			);
			path = CoreEnterpriseTests;
			sourceTree = "<group>";
		};
/* End PBXGroup section */

/* Begin PBXHeadersBuildPhase section */
		6EB6E0BE2A52A92C00BA82B8 /* Headers */ = {
			isa = PBXHeadersBuildPhase;
			buildActionMask = 2147483647;
			files = (
				6EB6E0D42A52A92D00BA82B8 /* CoreEnterprise.h in Headers */,
			);
			runOnlyForDeploymentPostprocessing = 0;
		};
/* End PBXHeadersBuildPhase section */

/* Begin PBXNativeTarget section */
		6EB6E0C22A52A92C00BA82B8 /* CoreEnterprise */ = {
			isa = PBXNativeTarget;
			buildConfigurationList = 6EB6E0D72A52A92D00BA82B8 /* Build configuration list for PBXNativeTarget "CoreEnterprise" */;
			buildPhases = (
				6EB6E0BE2A52A92C00BA82B8 /* Headers */,
				6EB6E0BF2A52A92C00BA82B8 /* Sources */,
				6EB6E0C02A52A92C00BA82B8 /* Frameworks */,
				6EB6E0C12A52A92C00BA82B8 /* Resources */,
			);
			buildRules = (
			);
			dependencies = (
			);
			name = CoreEnterprise;
			productName = CoreEnterprise;
			productReference = 6EB6E0C32A52A92C00BA82B8 /* CoreEnterprise.framework */;
			productType = "com.apple.product-type.framework";
		};
		6EB6E0CC2A52A92D00BA82B8 /* CoreEnterpriseTests */ = {
			isa = PBXNativeTarget;
			buildConfigurationList = 6EB6E0DA2A52A92D00BA82B8 /* Build configuration list for PBXNativeTarget "CoreEnterpriseTests" */;
			buildPhases = (
				6EB6E0C92A52A92D00BA82B8 /* Sources */,
				6EB6E0CA2A52A92D00BA82B8 /* Frameworks */,
				6EB6E0CB2A52A92D00BA82B8 /* Resources */,
			);
			buildRules = (
			);
			dependencies = (
				6EB6E0D02A52A92D00BA82B8 /* PBXTargetDependency */,
			);
			name = CoreEnterpriseTests;
			productName = CoreEnterpriseTests;
			productReference = 6EB6E0CD2A52A92D00BA82B8 /* CoreEnterpriseTests.xctest */;
			productType = "com.apple.product-type.bundle.unit-test";
		};
/* End PBXNativeTarget section */

/* Begin PBXProject section */
		6EB6E0BA2A52A92C00BA82B8 /* Project object */ = {
			isa = PBXProject;
			attributes = {
				BuildIndependentTargetsInParallel = 1;
				LastSwiftUpdateCheck = 1430;
				LastUpgradeCheck = 1430;
				TargetAttributes = {
					6EB6E0C22A52A92C00BA82B8 = {
						CreatedOnToolsVersion = 14.3;
					};
					6EB6E0CC2A52A92D00BA82B8 = {
						CreatedOnToolsVersion = 14.3;
					};
				};
			};
			buildConfigurationList = 6EB6E0BD2A52A92C00BA82B8 /* Build configuration list for PBXProject "CoreEnterprise" */;
			compatibilityVersion = "Xcode 14.0";
			developmentRegion = en;
			hasScannedForEncodings = 0;
			knownRegions = (
				en,
				Base,
			);
			mainGroup = 6EB6E0B92A52A92C00BA82B8;
			productRefGroup = 6EB6E0C42A52A92C00BA82B8 /* Products */;
			projectDirPath = "";
			projectRoot = "";
			targets = (
				6EB6E0C22A52A92C00BA82B8 /* CoreEnterprise */,
				6EB6E0CC2A52A92D00BA82B8 /* CoreEnterpriseTests */,
			);
		};
/* End PBXProject section */

/* Begin PBXResourcesBuildPhase section */
		6EB6E0C12A52A92C00BA82B8 /* Resources */ = {
			isa = PBXResourcesBuildPhase;
			buildActionMask = 2147483647;
			files = (
			);
			runOnlyForDeploymentPostprocessing = 0;
		};
		6EB6E0CB2A52A92D00BA82B8 /* Resources */ = {
			isa = PBXResourcesBuildPhase;
			buildActionMask = 2147483647;
			files = (
			);
			runOnlyForDeploymentPostprocessing = 0;
		};
/* End PBXResourcesBuildPhase section */

/* Begin PBXSourcesBuildPhase section */
		6EB6E0BF2A52A92C00BA82B8 /* Sources */ = {
			isa = PBXSourcesBuildPhase;
			buildActionMask = 2147483647;
			files = (
				6EB6E0C82A52A92C00BA82B8 /* CoreEnterprise.docc in Sources */,
				6EB6E0DE2A52AA3B00BA82B8 /* CoreEnterprise.swift in Sources */,
			);
			runOnlyForDeploymentPostprocessing = 0;
		};
		6EB6E0C92A52A92D00BA82B8 /* Sources */ = {
			isa = PBXSourcesBuildPhase;
			buildActionMask = 2147483647;
			files = (
				6EB6E0D32A52A92D00BA82B8 /* CoreEnterpriseTests.swift in Sources */,
			);
			runOnlyForDeploymentPostprocessing = 0;
		};
/* End PBXSourcesBuildPhase section */

/* Begin PBXTargetDependency section */
		6EB6E0D02A52A92D00BA82B8 /* PBXTargetDependency */ = {
			isa = PBXTargetDependency;
			target = 6EB6E0C22A52A92C00BA82B8 /* CoreEnterprise */;
			targetProxy = 6EB6E0CF2A52A92D00BA82B8 /* PBXContainerItemProxy */;
		};
/* End PBXTargetDependency section */

/* Begin XCBuildConfiguration section */
		6EB6E0D52A52A92D00BA82B8 /* Debug */ = {
			isa = XCBuildConfiguration;
			buildSettings = {
				ALWAYS_SEARCH_USER_PATHS = NO;
				CLANG_ANALYZER_NONNULL = YES;
				CLANG_ANALYZER_NUMBER_OBJECT_CONVERSION = YES_AGGRESSIVE;
				CLANG_CXX_LANGUAGE_STANDARD = "gnu++20";
				CLANG_ENABLE_MODULES = YES;
				CLANG_ENABLE_OBJC_ARC = YES;
				CLANG_ENABLE_OBJC_WEAK = YES;
				CLANG_WARN_BLOCK_CAPTURE_AUTORELEASING = YES;
				CLANG_WARN_BOOL_CONVERSION = YES;
				CLANG_WARN_COMMA = YES;
				CLANG_WARN_CONSTANT_CONVERSION = YES;
				CLANG_WARN_DEPRECATED_OBJC_IMPLEMENTATIONS = YES;
				CLANG_WARN_DIRECT_OBJC_ISA_USAGE = YES_ERROR;
				CLANG_WARN_DOCUMENTATION_COMMENTS = YES;
				CLANG_WARN_EMPTY_BODY = YES;
				CLANG_WARN_ENUM_CONVERSION = YES;
				CLANG_WARN_INFINITE_RECURSION = YES;
				CLANG_WARN_INT_CONVERSION = YES;
				CLANG_WARN_NON_LITERAL_NULL_CONVERSION = YES;
				CLANG_WARN_OBJC_IMPLICIT_RETAIN_SELF = YES;
				CLANG_WARN_OBJC_LITERAL_CONVERSION = YES;
				CLANG_WARN_OBJC_ROOT_CLASS = YES_ERROR;
				CLANG_WARN_QUOTED_INCLUDE_IN_FRAMEWORK_HEADER = YES;
				CLANG_WARN_RANGE_LOOP_ANALYSIS = YES;
				CLANG_WARN_STRICT_PROTOTYPES = YES;
				CLANG_WARN_SUSPICIOUS_MOVE = YES;
				CLANG_WARN_UNGUARDED_AVAILABILITY = YES_AGGRESSIVE;
				CLANG_WARN_UNREACHABLE_CODE = YES;
				CLANG_WARN__DUPLICATE_METHOD_MATCH = YES;
				COPY_PHASE_STRIP = NO;
				CURRENT_PROJECT_VERSION = 1;
				DEBUG_INFORMATION_FORMAT = dwarf;
				ENABLE_STRICT_OBJC_MSGSEND = YES;
				ENABLE_TESTABILITY = YES;
				GCC_C_LANGUAGE_STANDARD = gnu11;
				GCC_DYNAMIC_NO_PIC = NO;
				GCC_NO_COMMON_BLOCKS = YES;
				GCC_OPTIMIZATION_LEVEL = 0;
				GCC_PREPROCESSOR_DEFINITIONS = (
					"DEBUG=1",
					"$(inherited)",
				);
				GCC_WARN_64_TO_32_BIT_CONVERSION = YES;
				GCC_WARN_ABOUT_RETURN_TYPE = YES_ERROR;
				GCC_WARN_UNDECLARED_SELECTOR = YES;
				GCC_WARN_UNINITIALIZED_AUTOS = YES_AGGRESSIVE;
				GCC_WARN_UNUSED_FUNCTION = YES;
				GCC_WARN_UNUSED_VARIABLE = YES;
				MACOSX_DEPLOYMENT_TARGET = 13.3;
				MTL_ENABLE_DEBUG_INFO = INCLUDE_SOURCE;
				MTL_FAST_MATH = YES;
				ONLY_ACTIVE_ARCH = YES;
				SDKROOT = macosx;
				SWIFT_ACTIVE_COMPILATION_CONDITIONS = DEBUG;
				SWIFT_OPTIMIZATION_LEVEL = "-Onone";
				VERSIONING_SYSTEM = "apple-generic";
				VERSION_INFO_PREFIX = "";
			};
			name = Debug;
		};
		6EB6E0D62A52A92D00BA82B8 /* Release */ = {
			isa = XCBuildConfiguration;
			buildSettings = {
				ALWAYS_SEARCH_USER_PATHS = NO;
				CLANG_ANALYZER_NONNULL = YES;
				CLANG_ANALYZER_NUMBER_OBJECT_CONVERSION = YES_AGGRESSIVE;
				CLANG_CXX_LANGUAGE_STANDARD = "gnu++20";
				CLANG_ENABLE_MODULES = YES;
				CLANG_ENABLE_OBJC_ARC = YES;
				CLANG_ENABLE_OBJC_WEAK = YES;
				CLANG_WARN_BLOCK_CAPTURE_AUTORELEASING = YES;
				CLANG_WARN_BOOL_CONVERSION = YES;
				CLANG_WARN_COMMA = YES;
				CLANG_WARN_CONSTANT_CONVERSION = YES;
				CLANG_WARN_DEPRECATED_OBJC_IMPLEMENTATIONS = YES;
				CLANG_WARN_DIRECT_OBJC_ISA_USAGE = YES_ERROR;
				CLANG_WARN_DOCUMENTATION_COMMENTS = YES;
				CLANG_WARN_EMPTY_BODY = YES;
				CLANG_WARN_ENUM_CONVERSION = YES;
				CLANG_WARN_INFINITE_RECURSION = YES;
				CLANG_WARN_INT_CONVERSION = YES;
				CLANG_WARN_NON_LITERAL_NULL_CONVERSION = YES;
				CLANG_WARN_OBJC_IMPLICIT_RETAIN_SELF = YES;
				CLANG_WARN_OBJC_LITERAL_CONVERSION = YES;
				CLANG_WARN_OBJC_ROOT_CLASS = YES_ERROR;
				CLANG_WARN_QUOTED_INCLUDE_IN_FRAMEWORK_HEADER = YES;
				CLANG_WARN_RANGE_LOOP_ANALYSIS = YES;
				CLANG_WARN_STRICT_PROTOTYPES = YES;
				CLANG_WARN_SUSPICIOUS_MOVE = YES;
				CLANG_WARN_UNGUARDED_AVAILABILITY = YES_AGGRESSIVE;
				CLANG_WARN_UNREACHABLE_CODE = YES;
				CLANG_WARN__DUPLICATE_METHOD_MATCH = YES;
				COPY_PHASE_STRIP = NO;
				CURRENT_PROJECT_VERSION = 1;
				DEBUG_INFORMATION_FORMAT = "dwarf-with-dsym";
				ENABLE_NS_ASSERTIONS = NO;
				ENABLE_STRICT_OBJC_MSGSEND = YES;
				GCC_C_LANGUAGE_STANDARD = gnu11;
				GCC_NO_COMMON_BLOCKS = YES;
				GCC_WARN_64_TO_32_BIT_CONVERSION = YES;
				GCC_WARN_ABOUT_RETURN_TYPE = YES_ERROR;
				GCC_WARN_UNDECLARED_SELECTOR = YES;
				GCC_WARN_UNINITIALIZED_AUTOS = YES_AGGRESSIVE;
				GCC_WARN_UNUSED_FUNCTION = YES;
				GCC_WARN_UNUSED_VARIABLE = YES;
				MACOSX_DEPLOYMENT_TARGET = 13.3;
				MTL_ENABLE_DEBUG_INFO = NO;
				MTL_FAST_MATH = YES;
				SDKROOT = macosx;
				SWIFT_COMPILATION_MODE = wholemodule;
				SWIFT_OPTIMIZATION_LEVEL = "-O";
				VERSIONING_SYSTEM = "apple-generic";
				VERSION_INFO_PREFIX = "";
			};
			name = Release;
		};
		6EB6E0D82A52A92D00BA82B8 /* Debug */ = {
			isa = XCBuildConfiguration;
			buildSettings = {
				CODE_SIGN_STYLE = Automatic;
				COMBINE_HIDPI_IMAGES = YES;
				CURRENT_PROJECT_VERSION = 1;
				DEFINES_MODULE = YES;
				DEVELOPMENT_TEAM = LK6L5364UQ;
				DYLIB_COMPATIBILITY_VERSION = 1;
				DYLIB_CURRENT_VERSION = 1;
				DYLIB_INSTALL_NAME_BASE = "@rpath";
				ENABLE_MODULE_VERIFIER = YES;
				GENERATE_INFOPLIST_FILE = YES;
				INFOPLIST_KEY_NSHumanReadableCopyright = "";
				INSTALL_PATH = "$(LOCAL_LIBRARY_DIR)/Frameworks";
				LD_RUNPATH_SEARCH_PATHS = (
					"$(inherited)",
					"@executable_path/../Frameworks",
					"@loader_path/Frameworks",
				);
				MARKETING_VERSION = 1.0;
				MODULE_VERIFIER_SUPPORTED_LANGUAGES = "objective-c objective-c++";
				MODULE_VERIFIER_SUPPORTED_LANGUAGE_STANDARDS = "gnu11 gnu++20";
				PRODUCT_BUNDLE_IDENTIFIER = coretava.CoreEnterprise;
				PRODUCT_NAME = "$(TARGET_NAME:c99extidentifier)";
				SKIP_INSTALL = YES;
				SWIFT_EMIT_LOC_STRINGS = YES;
				SWIFT_VERSION = 5.0;
			};
			name = Debug;
		};
		6EB6E0D92A52A92D00BA82B8 /* Release */ = {
			isa = XCBuildConfiguration;
			buildSettings = {
				CODE_SIGN_STYLE = Automatic;
				COMBINE_HIDPI_IMAGES = YES;
				CURRENT_PROJECT_VERSION = 1;
				DEFINES_MODULE = YES;
				DEVELOPMENT_TEAM = LK6L5364UQ;
				DYLIB_COMPATIBILITY_VERSION = 1;
				DYLIB_CURRENT_VERSION = 1;
				DYLIB_INSTALL_NAME_BASE = "@rpath";
				ENABLE_MODULE_VERIFIER = YES;
				GENERATE_INFOPLIST_FILE = YES;
				INFOPLIST_KEY_NSHumanReadableCopyright = "";
				INSTALL_PATH = "$(LOCAL_LIBRARY_DIR)/Frameworks";
				LD_RUNPATH_SEARCH_PATHS = (
					"$(inherited)",
					"@executable_path/../Frameworks",
					"@loader_path/Frameworks",
				);
				MARKETING_VERSION = 1.0;
				MODULE_VERIFIER_SUPPORTED_LANGUAGES = "objective-c objective-c++";
				MODULE_VERIFIER_SUPPORTED_LANGUAGE_STANDARDS = "gnu11 gnu++20";
				PRODUCT_BUNDLE_IDENTIFIER = coretava.CoreEnterprise;
				PRODUCT_NAME = "$(TARGET_NAME:c99extidentifier)";
				SKIP_INSTALL = YES;
				SWIFT_EMIT_LOC_STRINGS = YES;
				SWIFT_VERSION = 5.0;
			};
			name = Release;
		};
		6EB6E0DB2A52A92D00BA82B8 /* Debug */ = {
			isa = XCBuildConfiguration;
			buildSettings = {
				ALWAYS_EMBED_SWIFT_STANDARD_LIBRARIES = YES;
				CODE_SIGN_STYLE = Automatic;
				CURRENT_PROJECT_VERSION = 1;
				DEVELOPMENT_TEAM = LK6L5364UQ;
				GENERATE_INFOPLIST_FILE = YES;
				MARKETING_VERSION = 1.0;
				PRODUCT_BUNDLE_IDENTIFIER = coretava.CoreEnterpriseTests;
				PRODUCT_NAME = "$(TARGET_NAME)";
				SWIFT_EMIT_LOC_STRINGS = NO;
				SWIFT_VERSION = 5.0;
			};
			name = Debug;
		};
		6EB6E0DC2A52A92D00BA82B8 /* Release */ = {
			isa = XCBuildConfiguration;
			buildSettings = {
				ALWAYS_EMBED_SWIFT_STANDARD_LIBRARIES = YES;
				CODE_SIGN_STYLE = Automatic;
				CURRENT_PROJECT_VERSION = 1;
				DEVELOPMENT_TEAM = LK6L5364UQ;
				GENERATE_INFOPLIST_FILE = YES;
				MARKETING_VERSION = 1.0;
				PRODUCT_BUNDLE_IDENTIFIER = coretava.CoreEnterpriseTests;
				PRODUCT_NAME = "$(TARGET_NAME)";
				SWIFT_EMIT_LOC_STRINGS = NO;
				SWIFT_VERSION = 5.0;
			};
			name = Release;
		};
/* End XCBuildConfiguration section */

/* Begin XCConfigurationList section */
		6EB6E0BD2A52A92C00BA82B8 /* Build configuration list for PBXProject "CoreEnterprise" */ = {
			isa = XCConfigurationList;
			buildConfigurations = (
				6EB6E0D52A52A92D00BA82B8 /* Debug */,
				6EB6E0D62A52A92D00BA82B8 /* Release */,
			);
			defaultConfigurationIsVisible = 0;
			defaultConfigurationName = Release;
		};
		6EB6E0D72A52A92D00BA82B8 /* Build configuration list for PBXNativeTarget "CoreEnterprise" */ = {
			isa = XCConfigurationList;
			buildConfigurations = (
				6EB6E0D82A52A92D00BA82B8 /* Debug */,
				6EB6E0D92A52A92D00BA82B8 /* Release */,
			);
			defaultConfigurationIsVisible = 0;
			defaultConfigurationName = Release;
		};
		6EB6E0DA2A52A92D00BA82B8 /* Build configuration list for PBXNativeTarget "CoreEnterpriseTests" */ = {
			isa = XCConfigurationList;
			buildConfigurations = (
				6EB6E0DB2A52A92D00BA82B8 /* Debug */,
				6EB6E0DC2A52A92D00BA82B8 /* Release */,
			);
			defaultConfigurationIsVisible = 0;
			defaultConfigurationName = Release;
		};
/* End XCConfigurationList section */
	};
	rootObject = 6EB6E0BA2A52A92C00BA82B8 /* Project object */;
}
